# This file is automatically @generated by Poetry 1.4.2 and should not be changed by hand.

[[package]]
name = "pytest"
version = "7.3.1"
description = "pytest: simple powerful testing with Python"
category = "dev"
optional = false
python-versions = "*"
files = []

[metadata]
lock-version = "2.0"
python-versions = "^3.10"
content-hash = "c8e9158c93759e9b421c093177650d3528b24e9b246a44b34f2a8749c2e3eb16"
